
Microsoft Visual Studio Solution File, Format Version 12.00
# Visual Studio Version 17
VisualStudioVersion = 17.7.34221.43
MinimumVisualStudioVersion = 10.0.40219.1
Project("{2150E333-8FDC-42A3-9474-1A3956D46DE8}") = "Microservices", "Microservices", "{6624E573-893D-48F7-B4E4-12FEBF4DF5E9}"
EndProject
Project("{9A19103F-16F7-4668-BE54-9A1E7A4F7556}") = "UserDataAPI", "UserDataAPI\UserDataAPI.csproj", "{E4C4FE6B-47E9-4FD0-BAED-D382EA0596CC}"
EndProject
Project("{E53339B2-1760-4266-BCC7-CA923CBCF16C}") = "docker-compose", "docker-compose.dcproj", "{C2591E97-F2F5-4924-B1C3-FDEF5537B6AD}"
EndProject
Project("{2150E333-8FDC-42A3-9474-1A3956D46DE8}") = "APIGateway", "APIGateway", "{DCDA565A-6C91-4BF7-9A6A-44712EC3368C}"
EndProject
Project("{9A19103F-16F7-4668-BE54-9A1E7A4F7556}") = "ApiOcelotGateway", "ApiOcelotGateway\ApiOcelotGateway.csproj", "{E6786006-46B5-4C31-91EB-F84B9F9BDA38}"
EndProject
Project("{2150E333-8FDC-42A3-9474-1A3956D46DE8}") = "AuthenticationAPI", "AuthenticationAPI", "{7B90BFF1-2813-412A-8E30-D3518880C12A}"
EndProject
Project("{FAE04EC0-301F-11D3-BF4B-00C04F79EFBC}") = "AuthenticationAPI", "..\AuthenticationAPI\AuthenticationAPI.csproj", "{53D02105-3DE2-418A-B201-2FD2DF27D7DF}"
EndProject
Global
	GlobalSection(SolutionConfigurationPlatforms) = preSolution
		Debug|Any CPU = Debug|Any CPU
		Release|Any CPU = Release|Any CPU
	EndGlobalSection
	GlobalSection(ProjectConfigurationPlatforms) = postSolution
		{E4C4FE6B-47E9-4FD0-BAED-D382EA0596CC}.Debug|Any CPU.ActiveCfg = Debug|Any CPU
		{E4C4FE6B-47E9-4FD0-BAED-D382EA0596CC}.Debug|Any CPU.Build.0 = Debug|Any CPU
		{E4C4FE6B-47E9-4FD0-BAED-D382EA0596CC}.Release|Any CPU.ActiveCfg = Release|Any CPU
		{E4C4FE6B-47E9-4FD0-BAED-D382EA0596CC}.Release|Any CPU.Build.0 = Release|Any CPU
		{C2591E97-F2F5-4924-B1C3-FDEF5537B6AD}.Debug|Any CPU.ActiveCfg = Debug|Any CPU
		{C2591E97-F2F5-4924-B1C3-FDEF5537B6AD}.Debug|Any CPU.Build.0 = Debug|Any CPU
		{C2591E97-F2F5-4924-B1C3-FDEF5537B6AD}.Release|Any CPU.ActiveCfg = Release|Any CPU
		{C2591E97-F2F5-4924-B1C3-FDEF5537B6AD}.Release|Any CPU.Build.0 = Release|Any CPU
		{E6786006-46B5-4C31-91EB-F84B9F9BDA38}.Debug|Any CPU.ActiveCfg = Debug|Any CPU
		{E6786006-46B5-4C31-91EB-F84B9F9BDA38}.Debug|Any CPU.Build.0 = Debug|Any CPU
		{E6786006-46B5-4C31-91EB-F84B9F9BDA38}.Release|Any CPU.ActiveCfg = Release|Any CPU
		{E6786006-46B5-4C31-91EB-F84B9F9BDA38}.Release|Any CPU.Build.0 = Release|Any CPU
		{53D02105-3DE2-418A-B201-2FD2DF27D7DF}.Debug|Any CPU.ActiveCfg = Debug|Any CPU
		{53D02105-3DE2-418A-B201-2FD2DF27D7DF}.Debug|Any CPU.Build.0 = Debug|Any CPU
		{53D02105-3DE2-418A-B201-2FD2DF27D7DF}.Release|Any CPU.ActiveCfg = Release|Any CPU
		{53D02105-3DE2-418A-B201-2FD2DF27D7DF}.Release|Any CPU.Build.0 = Release|Any CPU
	EndGlobalSection
	GlobalSection(SolutionProperties) = preSolution
		HideSolutionNode = FALSE
	EndGlobalSection
	GlobalSection(NestedProjects) = preSolution
		{E4C4FE6B-47E9-4FD0-BAED-D382EA0596CC} = {6624E573-893D-48F7-B4E4-12FEBF4DF5E9}
		{E6786006-46B5-4C31-91EB-F84B9F9BDA38} = {DCDA565A-6C91-4BF7-9A6A-44712EC3368C}
		{53D02105-3DE2-418A-B201-2FD2DF27D7DF} = {7B90BFF1-2813-412A-8E30-D3518880C12A}
	EndGlobalSection
	GlobalSection(ExtensibilityGlobals) = postSolution
		SolutionGuid = {5CCFE3C7-EF9E-41AD-BD43-F14E4897AD7C}
	EndGlobalSection
EndGlobal
