
Microsoft Visual Studio Solution File, Format Version 12.00
# Visual Studio Version 17
VisualStudioVersion = 17.7.34221.43
MinimumVisualStudioVersion = 10.0.40219.1
Project("{E53339B2-1760-4266-BCC7-CA923CBCF16C}") = "docker-compose", "docker-compose.dcproj", "{C2591E97-F2F5-4924-B1C3-FDEF5537B6AD}"
EndProject
Project("{2150E333-8FDC-42A3-9474-1A3956D46DE8}") = "APIGateway", "APIGateway", "{DCDA565A-6C91-4BF7-9A6A-44712EC3368C}"
EndProject
Project("{9A19103F-16F7-4668-BE54-9A1E7A4F7556}") = "ApiOcelotGateway", "ApiOcelotGateway\ApiOcelotGateway.csproj", "{E6786006-46B5-4C31-91EB-F84B9F9BDA38}"
EndProject
Project("{2150E333-8FDC-42A3-9474-1A3956D46DE8}") = "AuthenticationAPI", "AuthenticationAPI", "{F2BC3660-81E7-4D6F-83D6-6D0645DFF03C}"
EndProject
Project("{9A19103F-16F7-4668-BE54-9A1E7A4F7556}") = "AuthenticationAPI", "AuthenticationAPI\AuthenticationAPI.csproj", "{2C3FD3FB-8B61-4005-B648-B813B82E884F}"
EndProject
Project("{2150E333-8FDC-42A3-9474-1A3956D46DE8}") = "Microservices", "Microservices", "{A00C7064-8614-42A1-8C85-FB6770D9ABEB}"
EndProject
Project("{9A19103F-16F7-4668-BE54-9A1E7A4F7556}") = "PaymentService", "Microservices\PaymentService\PaymentService.csproj", "{3905D5BF-9335-4389-BC5A-8414CDDE1853}"
EndProject
Project("{9A19103F-16F7-4668-BE54-9A1E7A4F7556}") = "UserAPI", "Microservices\UserAPI\UserAPI.csproj", "{5C8176B7-23D6-42AC-8B8E-1B7169392B08}"
EndProject
Project("{9A19103F-16F7-4668-BE54-9A1E7A4F7556}") = "VehicleFinderAPI", "Microservices\VehicleFinderAPI\VehicleFinderAPI.csproj", "{07464B72-82D9-49C8-AC03-BE7F35E85580}"
EndProject
Project("{9A19103F-16F7-4668-BE54-9A1E7A4F7556}") = "RentalServiceAPI", "Microservices\RentalServiceAPI\RentalServiceAPI.csproj", "{D19BB741-7E2B-448F-96B1-C3E119A6FAC6}"
EndProject
Global
	GlobalSection(SolutionConfigurationPlatforms) = preSolution
		Debug|Any CPU = Debug|Any CPU
		Release|Any CPU = Release|Any CPU
	EndGlobalSection
	GlobalSection(ProjectConfigurationPlatforms) = postSolution
		{C2591E97-F2F5-4924-B1C3-FDEF5537B6AD}.Debug|Any CPU.ActiveCfg = Debug|Any CPU
		{C2591E97-F2F5-4924-B1C3-FDEF5537B6AD}.Debug|Any CPU.Build.0 = Debug|Any CPU
		{C2591E97-F2F5-4924-B1C3-FDEF5537B6AD}.Release|Any CPU.ActiveCfg = Release|Any CPU
		{C2591E97-F2F5-4924-B1C3-FDEF5537B6AD}.Release|Any CPU.Build.0 = Release|Any CPU
		{E6786006-46B5-4C31-91EB-F84B9F9BDA38}.Debug|Any CPU.ActiveCfg = Debug|Any CPU
		{E6786006-46B5-4C31-91EB-F84B9F9BDA38}.Debug|Any CPU.Build.0 = Debug|Any CPU
		{E6786006-46B5-4C31-91EB-F84B9F9BDA38}.Release|Any CPU.ActiveCfg = Release|Any CPU
		{E6786006-46B5-4C31-91EB-F84B9F9BDA38}.Release|Any CPU.Build.0 = Release|Any CPU
		{2C3FD3FB-8B61-4005-B648-B813B82E884F}.Debug|Any CPU.ActiveCfg = Debug|Any CPU
		{2C3FD3FB-8B61-4005-B648-B813B82E884F}.Debug|Any CPU.Build.0 = Debug|Any CPU
		{2C3FD3FB-8B61-4005-B648-B813B82E884F}.Release|Any CPU.ActiveCfg = Release|Any CPU
		{2C3FD3FB-8B61-4005-B648-B813B82E884F}.Release|Any CPU.Build.0 = Release|Any CPU
		{3905D5BF-9335-4389-BC5A-8414CDDE1853}.Debug|Any CPU.ActiveCfg = Debug|Any CPU
		{3905D5BF-9335-4389-BC5A-8414CDDE1853}.Debug|Any CPU.Build.0 = Debug|Any CPU
		{3905D5BF-9335-4389-BC5A-8414CDDE1853}.Release|Any CPU.ActiveCfg = Release|Any CPU
		{3905D5BF-9335-4389-BC5A-8414CDDE1853}.Release|Any CPU.Build.0 = Release|Any CPU
		{5C8176B7-23D6-42AC-8B8E-1B7169392B08}.Debug|Any CPU.ActiveCfg = Debug|Any CPU
		{5C8176B7-23D6-42AC-8B8E-1B7169392B08}.Debug|Any CPU.Build.0 = Debug|Any CPU
		{5C8176B7-23D6-42AC-8B8E-1B7169392B08}.Release|Any CPU.ActiveCfg = Release|Any CPU
		{5C8176B7-23D6-42AC-8B8E-1B7169392B08}.Release|Any CPU.Build.0 = Release|Any CPU
		{07464B72-82D9-49C8-AC03-BE7F35E85580}.Debug|Any CPU.ActiveCfg = Debug|Any CPU
		{07464B72-82D9-49C8-AC03-BE7F35E85580}.Debug|Any CPU.Build.0 = Debug|Any CPU
		{07464B72-82D9-49C8-AC03-BE7F35E85580}.Release|Any CPU.ActiveCfg = Release|Any CPU
		{07464B72-82D9-49C8-AC03-BE7F35E85580}.Release|Any CPU.Build.0 = Release|Any CPU
		{D19BB741-7E2B-448F-96B1-C3E119A6FAC6}.Debug|Any CPU.ActiveCfg = Debug|Any CPU
		{D19BB741-7E2B-448F-96B1-C3E119A6FAC6}.Debug|Any CPU.Build.0 = Debug|Any CPU
		{D19BB741-7E2B-448F-96B1-C3E119A6FAC6}.Release|Any CPU.ActiveCfg = Release|Any CPU
		{D19BB741-7E2B-448F-96B1-C3E119A6FAC6}.Release|Any CPU.Build.0 = Release|Any CPU
	EndGlobalSection
	GlobalSection(SolutionProperties) = preSolution
		HideSolutionNode = FALSE
	EndGlobalSection
	GlobalSection(NestedProjects) = preSolution
		{E6786006-46B5-4C31-91EB-F84B9F9BDA38} = {DCDA565A-6C91-4BF7-9A6A-44712EC3368C}
		{2C3FD3FB-8B61-4005-B648-B813B82E884F} = {F2BC3660-81E7-4D6F-83D6-6D0645DFF03C}
		{3905D5BF-9335-4389-BC5A-8414CDDE1853} = {A00C7064-8614-42A1-8C85-FB6770D9ABEB}
		{5C8176B7-23D6-42AC-8B8E-1B7169392B08} = {A00C7064-8614-42A1-8C85-FB6770D9ABEB}
		{07464B72-82D9-49C8-AC03-BE7F35E85580} = {A00C7064-8614-42A1-8C85-FB6770D9ABEB}
		{D19BB741-7E2B-448F-96B1-C3E119A6FAC6} = {A00C7064-8614-42A1-8C85-FB6770D9ABEB}
	EndGlobalSection
	GlobalSection(ExtensibilityGlobals) = postSolution
		SolutionGuid = {5CCFE3C7-EF9E-41AD-BD43-F14E4897AD7C}
	EndGlobalSection
EndGlobal
